
Microsoft Visual Studio Solution File, Format Version 12.00
# Visual Studio Version 16
VisualStudioVersion = 16.0.28803.352
MinimumVisualStudioVersion = 10.0.40219.1
Project("{FAE04EC0-301F-11D3-BF4B-00C04F79EFBC}") = "WorkItemTracking", "WorkItemTracking\WorkItemTracking.csproj", "{C675A0F0-4B7B-4AA4-A22B-0FAE31FF0E5F}"
EndProject
Project("{FAE04EC0-301F-11D3-BF4B-00C04F79EFBC}") = "WorkItemTracking.State", "WorkItemTracking.State\WorkItemTracking.State.csproj", "{88D38ECC-FE72-4726-8749-019B7D0A6AF6}"
EndProject
Global
	GlobalSection(SolutionConfigurationPlatforms) = preSolution
		Debug|Any CPU = Debug|Any CPU
		Release|Any CPU = Release|Any CPU
	EndGlobalSection
	GlobalSection(ProjectConfigurationPlatforms) = postSolution
		{C675A0F0-4B7B-4AA4-A22B-0FAE31FF0E5F}.Debug|Any CPU.ActiveCfg = Debug|Any CPU
		{C675A0F0-4B7B-4AA4-A22B-0FAE31FF0E5F}.Debug|Any CPU.Build.0 = Debug|Any CPU
		{C675A0F0-4B7B-4AA4-A22B-0FAE31FF0E5F}.Release|Any CPU.ActiveCfg = Release|Any CPU
		{C675A0F0-4B7B-4AA4-A22B-0FAE31FF0E5F}.Release|Any CPU.Build.0 = Release|Any CPU
		{88D38ECC-FE72-4726-8749-019B7D0A6AF6}.Debug|Any CPU.ActiveCfg = Debug|Any CPU
		{88D38ECC-FE72-4726-8749-019B7D0A6AF6}.Debug|Any CPU.Build.0 = Debug|Any CPU
		{88D38ECC-FE72-4726-8749-019B7D0A6AF6}.Release|Any CPU.ActiveCfg = Release|Any CPU
		{88D38ECC-FE72-4726-8749-019B7D0A6AF6}.Release|Any CPU.Build.0 = Release|Any CPU
	EndGlobalSection
	GlobalSection(SolutionProperties) = preSolution
		HideSolutionNode = FALSE
	EndGlobalSection
	GlobalSection(ExtensibilityGlobals) = postSolution
		SolutionGuid = {31A4225F-0905-444D-B8E0-6EA085EA5643}
	EndGlobalSection
EndGlobal
